{
  "version": 4,
  "terraform_version": "0.14.7",
  "serial": 91,
  "lineage": "7c09f4ea-17ed-b65d-f667-0642f33b9c27",
  "outputs": {},
  "resources": [
    {
      "module": "module.kubernetes_profile",
      "mode": "data",
      "type": "intersight_asset_target",
      "name": "infra-target",
      "provider": "provider[\"registry.terraform.io/ciscodevnet/intersight\"]",
      "instances": [
        {
          "schema_version": 0,
          "attributes": {
            "account_moid": null,
            "claimed_by_user_name": null,
            "class_id": null,
            "connector_version": null,
            "create_time": null,
            "domain_group_moid": null,
            "external_ip_address": null,
            "id": "6026cbbb6f72612d32ec6324",
            "management_location": null,
            "mod_time": null,
            "moid": null,
            "name": "hxlab-vcenter.ceclabs.local",
            "object_type": null,
            "read_only": null,
            "results": [
              {
                "account": [
                  {
                    "additional_properties": "",
                    "class_id": "mo.MoRef",
                    "moid": "59a80bbbf11aa10001cf7413",
                    "object_type": "iam.Account",
                    "selector": ""
                  }
                ],
                "account_moid": "59a80bbbf11aa10001cf7413",
                "additional_properties": "",
                "ancestors": [
                  {
                    "additional_properties": "",
                    "class_id": "mo.MoRef",
                    "moid": "6026cbde6f72612d337b216f",
                    "object_type": "asset.DeviceRegistration",
                    "selector": ""
                  }
                ],
                "assist": [
                  {
                    "additional_properties": "",
                    "class_id": "mo.MoRef",
                    "moid": "602693376f72612d32cbab89",
                    "object_type": "asset.Target",
                    "selector": ""
                  }
                ],
                "claimed_by_user_name": "vungurea@cisco.com",
                "class_id": "asset.Target",
                "connections": [
                  {
                    "additional_properties": "{\"CertificateAuthority\":\"\",\"IsSecure\":true,\"ManagementAddress\":\"hxlab-vcenter.ceclabs.local\",\"Port\":0}",
                    "class_id": "asset.HttpConnection",
                    "credential": [
                      {
                        "additional_properties": "{\"IsPasswordSet\":true,\"Username\":\"administrator@vsphere.local\"}",
                        "class_id": "asset.UsernamePasswordCredential",
                        "object_type": "asset.UsernamePasswordCredential"
                      }
                    ],
                    "object_type": "asset.HttpConnection"
                  }
                ],
                "connector_version": "1.0.9-786",
                "create_time": "2021-02-12 18:40:59.077 +0000 UTC",
                "domain_group_moid": "5b25418b7a7662743465cf1f",
                "external_ip_address": "173.38.155.219",
                "ip_address": [
                  "10.16.0.137"
                ],
                "management_location": "IntersightAssist",
                "mod_time": "2021-04-22 17:39:39.672 +0000 UTC",
                "moid": "6026cbbb6f72612d32ec6324",
                "name": "hxlab-vcenter.ceclabs.local",
                "object_type": "asset.Target",
                "owners": [
                  "59a80bbbf11aa10001cf7413"
                ],
                "parent": [
                  {
                    "additional_properties": "",
                    "class_id": "mo.MoRef",
                    "moid": "6026cbde6f72612d337b216f",
                    "object_type": "asset.DeviceRegistration",
                    "selector": ""
                  }
                ],
                "permission_resources": [
                  {
                    "additional_properties": "",
                    "class_id": "mo.MoRef",
                    "moid": "5ddeb6fe6972652d33541e9c",
                    "object_type": "organization.Organization",
                    "selector": ""
                  },
                  {
                    "additional_properties": "",
                    "class_id": "mo.MoRef",
                    "moid": "5ed92b346972652d33987e7a",
                    "object_type": "organization.Organization",
                    "selector": ""
                  }
                ],
                "product_id": [
                  "VMware vCenter Server 6.7.0 build-11727113"
                ],
                "read_only": false,
                "registered_device": [
                  {
                    "additional_properties": "",
                    "class_id": "mo.MoRef",
                    "moid": "6026cbde6f72612d337b216f",
                    "object_type": "asset.DeviceRegistration",
                    "selector": ""
                  }
                ],
                "services": [
                  {
                    "additional_properties": "",
                    "class_id": "asset.WorkloadOptimizerService",
                    "object_type": "asset.WorkloadOptimizerService",
                    "options": [
                      {
                        "additional_properties": "{\"DatastoreBrowsingEnabled\":true}",
                        "class_id": "asset.WorkloadOptimizerVmwareVcenterOptions",
                        "object_type": "asset.WorkloadOptimizerVmwareVcenterOptions"
                      }
                    ]
                  }
                ],
                "shared_scope": "",
                "status": "Connected",
                "status_error_reason": "",
                "tags": [],
                "target_id": [
                  "ab2c1f98-c270-4f8d-a718-110685ff16a6"
                ],
                "target_type": "VmwareVcenter",
                "version_context": []
              }
            ],
            "shared_scope": null,
            "status": null,
            "status_error_reason": null,
            "target_type": null
          },
          "sensitive_attributes": []
        }
      ]
    },
    {
      "module": "module.kubernetes_profile",
      "mode": "data",
      "type": "intersight_kubernetes_version",
      "name": "cluster-version",
      "provider": "provider[\"registry.terraform.io/ciscodevnet/intersight\"]",
      "instances": [
        {
          "schema_version": 0,
          "attributes": {
            "account_moid": null,
            "class_id": null,
            "create_time": null,
            "domain_group_moid": null,
            "id": "60627cb27a6f722d30786563",
            "kubernetes_version": "v1.19.5",
            "mod_time": null,
            "moid": null,
            "name": null,
            "object_type": null,
            "results": [
              {
                "account_moid": "5c4a74693935687776d94f98",
                "additional_properties": "",
                "ancestors": [
                  {
                    "additional_properties": "",
                    "class_id": "mo.MoRef",
                    "moid": "60627c1f7a6f722d30785b23",
                    "object_type": "kubernetes.Catalog",
                    "selector": ""
                  }
                ],
                "boot_iso": [],
                "catalog": [
                  {
                    "additional_properties": "",
                    "class_id": "mo.MoRef",
                    "moid": "60627c1f7a6f722d30785b23",
                    "object_type": "kubernetes.Catalog",
                    "selector": ""
                  }
                ],
                "class_id": "kubernetes.Version",
                "create_time": "2021-03-30 01:19:46.563 +0000 UTC",
                "domain_group_moid": "5c4a74693935687776d94f99",
                "kubernetes_version": "v1.19.5",
                "mod_time": "2021-03-30 01:26:09.081 +0000 UTC",
                "moid": "60627cb27a6f722d30786563",
                "name": "1.19.5-iks-0",
                "object_type": "kubernetes.Version",
                "ova_image_template": [
                  {
                    "additional_properties": "",
                    "class_id": "mo.MoRef",
                    "moid": "6060f4bc6567612d316995ac",
                    "object_type": "software.SolutionDistributable",
                    "selector": ""
                  }
                ],
                "owners": [
                  "5c4a74693935687776d94f98",
                  "shared"
                ],
                "parent": [
                  {
                    "additional_properties": "",
                    "class_id": "mo.MoRef",
                    "moid": "60627c1f7a6f722d30785b23",
                    "object_type": "kubernetes.Catalog",
                    "selector": ""
                  }
                ],
                "permission_resources": [
                  {
                    "additional_properties": "",
                    "class_id": "mo.MoRef",
                    "moid": "5ddfd9ff6972652d31ee6582",
                    "object_type": "organization.Organization",
                    "selector": ""
                  }
                ],
                "qcow2_node_template": [],
                "qcow2_virtual_machine_template": [],
                "shared_scope": "shared",
                "tags": [],
                "version_context": []
              }
            ],
            "shared_scope": null
          },
          "sensitive_attributes": []
        }
      ]
    },
    {
      "module": "module.kubernetes_profile",
      "mode": "data",
      "type": "intersight_organization_organization",
      "name": "intersight_organization",
      "provider": "provider[\"registry.terraform.io/ciscodevnet/intersight\"]",
      "instances": [
        {
          "schema_version": 0,
          "attributes": {
            "account_moid": null,
            "class_id": null,
            "create_time": null,
            "description": null,
            "domain_group_moid": null,
            "id": "5ed92b346972652d33987e7a",
            "mod_time": null,
            "moid": null,
            "name": "WLSN",
            "object_type": null,
            "results": [
              {
                "account": [
                  {
                    "additional_properties": "",
                    "class_id": "mo.MoRef",
                    "moid": "59a80bbbf11aa10001cf7413",
                    "object_type": "iam.Account",
                    "selector": ""
                  }
                ],
                "account_moid": "59a80bbbf11aa10001cf7413",
                "additional_properties": "",
                "ancestors": [],
                "class_id": "organization.Organization",
                "create_time": "2020-06-04 17:11:16.227 +0000 UTC",
                "description": "Wallisellen",
                "domain_group_moid": "5b25418b7a7662743465cf1f",
                "mod_time": "2020-06-04 17:11:16.242 +0000 UTC",
                "moid": "5ed92b346972652d33987e7a",
                "name": "WLSN",
                "object_type": "organization.Organization",
                "owners": [
                  "59a80bbbf11aa10001cf7413"
                ],
                "parent": [],
                "permission_resources": [
                  {
                    "additional_properties": "",
                    "class_id": "mo.MoRef",
                    "moid": "5ed92b346972652d33987e7a",
                    "object_type": "organization.Organization",
                    "selector": ""
                  }
                ],
                "resource_groups": [
                  {
                    "additional_properties": "",
                    "class_id": "mo.MoRef",
                    "moid": "5ed92b336972652d33987e40",
                    "object_type": "resource.Group",
                    "selector": ""
                  }
                ],
                "shared_scope": "",
                "tags": [],
                "version_context": []
              }
            ],
            "shared_scope": null
          },
          "sensitive_attributes": []
        }
      ]
    },
    {
      "module": "module.kubernetes_profile",
      "mode": "managed",
      "type": "intersight_ippool_pool",
      "name": "ippool",
      "provider": "provider[\"registry.terraform.io/ciscodevnet/intersight\"]",
      "instances": [
        {
          "schema_version": 0,
          "attributes": {
            "account_moid": "59a80bbbf11aa10001cf7413",
            "additional_properties": "{\"AccountMoid\":\"59a80bbbf11aa10001cf7413\",\"Ancestors\":[],\"CreateTime\":\"2021-04-22T18:32:26.522Z\",\"Description\":\"terraform - IP Pool Policy\",\"DomainGroupMoid\":\"5b25418b7a7662743465cf1f\",\"ModTime\":\"2021-04-22T18:32:26.523Z\",\"Moid\":\"6081c13a6962752d3060db62\",\"Name\":\"test-cluster-ip-pool\",\"Owners\":[\"59a80bbbf11aa10001cf7413\"],\"PermissionResources\":[{\"ClassId\":\"mo.MoRef\",\"Moid\":\"5ed92b346972652d33987e7a\",\"ObjectType\":\"organization.Organization\",\"link\":\"https://www.intersight.com/api/v1/organization/Organizations/5ed92b346972652d33987e7a\"}],\"SharedScope\":\"\",\"Tags\":[]}",
            "ancestors": [],
            "assigned": 0,
            "assignment_order": "sequential",
            "class_id": "ippool.Pool",
            "create_time": "2021-04-22 18:32:26.522 +0000 UTC",
            "description": "terraform - IP Pool Policy",
            "domain_group_moid": "5b25418b7a7662743465cf1f",
            "id": "6081c13a6962752d3060db62",
            "ip_v4_blocks": [
              {
                "additional_properties": "",
                "class_id": "ippool.IpV4Block",
                "from": "10.24.0.190",
                "object_type": "",
                "size": 10,
                "to": "10.24.0.199"
              }
            ],
            "ip_v4_config": [
              {
                "additional_properties": "",
                "class_id": "ippool.IpV4Config",
                "gateway": "10.24.0.1",
                "netmask": "255.255.255.0",
                "object_type": "",
                "primary_dns": "",
                "secondary_dns": ""
              }
            ],
            "ip_v6_blocks": [],
            "ip_v6_config": [
              {
                "additional_properties": "",
                "class_id": "ippool.IpV6Config",
                "gateway": "",
                "object_type": "ippool.IpV6Config",
                "prefix": 0,
                "primary_dns": "",
                "secondary_dns": ""
              }
            ],
            "mod_time": "2021-04-22 18:32:26.523 +0000 UTC",
            "moid": "6081c13a6962752d3060db62",
            "name": "test-cluster-ip-pool",
            "object_type": "ippool.Pool",
            "organization": [
              {
                "additional_properties": "",
                "class_id": "mo.MoRef",
                "moid": "5ed92b346972652d33987e7a",
                "object_type": "organization.Organization",
                "selector": ""
              }
            ],
            "owners": [
              "59a80bbbf11aa10001cf7413"
            ],
            "parent": [],
            "permission_resources": [
              {
                "additional_properties": "",
                "class_id": "mo.MoRef",
                "moid": "5ed92b346972652d33987e7a",
                "object_type": "organization.Organization",
                "selector": ""
              }
            ],
            "shadow_pools": [],
            "shared_scope": "",
            "size": 10,
            "tags": [],
            "v4_assigned": 0,
            "v4_size": 10,
            "v6_assigned": 0,
            "v6_size": 0,
            "version_context": []
          },
          "sensitive_attributes": [],
          "private": "bnVsbA==",
          "dependencies": [
            "module.kubernetes_profile.data.intersight_organization_organization.intersight_organization"
          ]
        }
      ]
    },
    {
      "module": "module.kubernetes_profile",
      "mode": "managed",
      "type": "intersight_kubernetes_cluster_profile",
      "name": "kubernetes-cluster-profile",
      "provider": "provider[\"registry.terraform.io/ciscodevnet/intersight\"]",
      "instances": [
        {
          "schema_version": 0,
          "attributes": {
            "account_moid": "59a80bbbf11aa10001cf7413",
            "aci_cni_profile": [],
            "action": "No-op",
            "action_info": [
              {
                "additional_properties": "",
                "class_id": "kubernetes.ActionInfo",
                "failure_reason": "",
                "name": "",
                "object_type": "kubernetes.ActionInfo",
                "status": "None"
              }
            ],
            "additional_properties": "{\"AccountMoid\":\"59a80bbbf11aa10001cf7413\",\"Ancestors\":[],\"CreateTime\":\"2021-04-22T18:32:27.605Z\",\"Description\":\"terraform - Kubernetes Cluster Profile\",\"DomainGroupMoid\":\"5b25418b7a7662743465cf1f\",\"ModTime\":\"2021-04-22T18:32:30.189Z\",\"Moid\":\"6081c13b7a6f722d31098cea\",\"Name\":\"test-cluster-cluster-profile\",\"Owners\":[\"59a80bbbf11aa10001cf7413\"],\"PermissionResources\":[{\"ClassId\":\"mo.MoRef\",\"Moid\":\"5ed92b346972652d33987e7a\",\"ObjectType\":\"organization.Organization\",\"link\":\"https://www.intersight.com/api/v1/organization/Organizations/5ed92b346972652d33987e7a\"}],\"SharedScope\":\"\",\"SrcTemplate\":null,\"Tags\":[],\"Type\":\"instance\"}",
            "ancestors": [],
            "associated_cluster": [
              {
                "additional_properties": "",
                "class_id": "mo.MoRef",
                "moid": "6081c13b7a6f722d31098ced",
                "object_type": "kubernetes.Cluster",
                "selector": ""
              }
            ],
            "cert_config": [
              {
                "additional_properties": "",
                "ca_cert": "",
                "ca_key": "",
                "class_id": "kubernetes.ClusterCertificateConfiguration",
                "etcd_cert": "",
                "etcd_encryption_key": [],
                "etcd_key": "",
                "front_proxy_cert": "",
                "front_proxy_key": "",
                "object_type": "kubernetes.ClusterCertificateConfiguration",
                "sa_private_key": "",
                "sa_public_key": ""
              }
            ],
            "class_id": "kubernetes.ClusterProfile",
            "cluster_ip_pools": [
              {
                "additional_properties": "",
                "class_id": "mo.MoRef",
                "moid": "6081c13a6962752d3060db62",
                "object_type": "ippool.Pool",
                "selector": ""
              }
            ],
            "config_context": [
              {
                "additional_properties": "",
                "class_id": "policy.ConfigContext",
                "config_state": "Pending-changes",
                "control_action": "",
                "error_state": "",
                "object_type": "policy.ConfigContext",
                "oper_state": ""
              }
            ],
            "container_runtime_config": [],
            "create_time": "2021-04-22 18:32:27.605 +0000 UTC",
            "description": "terraform - Kubernetes Cluster Profile",
            "domain_group_moid": "5b25418b7a7662743465cf1f",
            "essential_addons": [],
            "id": "6081c13b7a6f722d31098cea",
            "kube_config": [
              {
                "additional_properties": "",
                "class_id": "kubernetes.Configuration",
                "kube_config": "",
                "object_type": "kubernetes.Configuration"
              }
            ],
            "loadbalancer_ip_leases": [],
            "managed_mode": "Provided",
            "management_config": [
              {
                "additional_properties": "",
                "class_id": "kubernetes.ClusterManagementConfig",
                "encrypted_etcd": false,
                "load_balancer_count": 1,
                "load_balancers": [],
                "master_vip": "",
                "object_type": "",
                "ssh_keys": [
                  "ecdsa-sha2-nistp521 AAAAE2VjZHNhLXNoYTItbmlzdHA1MjEAAAAIbmlzdHA1MjEAAACFBACNXzYWF/C7oqrrKTGYOLk4bbZFU0PvaPw0rG2QCLnHIkNekYysebu+7OqU7HoYfVEt9omtCGtH3epoy5V1Wut+ggARZ80Om/e5T6R8iXzR2WSoKrmS9rf3KIQ4k/DzVo9ML+EGF0efxk4XPYRRaJUL0e+ZoXgurL5d+SkiXp/nTC5gpg== iksadmin@fakehostaname"
                ],
                "ssh_user": "iksadmin"
              }
            ],
            "master_vip_lease": [],
            "mod_time": "2021-04-22 18:32:30.189 +0000 UTC",
            "moid": "6081c13b7a6f722d31098cea",
            "name": "test-cluster-cluster-profile",
            "net_config": [
              {
                "additional_properties": "",
                "class_id": "mo.MoRef",
                "moid": "6081c13a7a6f722d31098cc2",
                "object_type": "kubernetes.NetworkPolicy",
                "selector": ""
              }
            ],
            "node_groups": [
              {
                "additional_properties": "",
                "class_id": "mo.MoRef",
                "moid": "6081c13e7a6f722d31098d14",
                "object_type": "kubernetes.NodeGroupProfile",
                "selector": ""
              },
              {
                "additional_properties": "",
                "class_id": "mo.MoRef",
                "moid": "6081c13e7a6f722d31098d1c",
                "object_type": "kubernetes.NodeGroupProfile",
                "selector": ""
              }
            ],
            "object_type": "kubernetes.ClusterProfile",
            "organization": [
              {
                "additional_properties": "",
                "class_id": "mo.MoRef",
                "moid": "5ed92b346972652d33987e7a",
                "object_type": "organization.Organization",
                "selector": ""
              }
            ],
            "owners": [
              "59a80bbbf11aa10001cf7413"
            ],
            "parent": [],
            "permission_resources": [
              {
                "additional_properties": "",
                "class_id": "mo.MoRef",
                "moid": "5ed92b346972652d33987e7a",
                "object_type": "organization.Organization",
                "selector": ""
              }
            ],
            "policy_bucket": [],
            "shared_scope": "",
            "src_template": [],
            "status": "Undeployed",
            "sys_config": [
              {
                "additional_properties": "",
                "class_id": "mo.MoRef",
                "moid": "6081c13a7a6f722d31098cd7",
                "object_type": "kubernetes.SysConfigPolicy",
                "selector": ""
              }
            ],
            "tags": [],
            "trusted_registries": [
              {
                "additional_properties": "",
                "class_id": "mo.MoRef",
                "moid": "6081c13a7a6f722d31098cb2",
                "object_type": "kubernetes.TrustedRegistriesPolicy",
                "selector": ""
              }
            ],
            "type": "instance",
            "version_context": [],
            "wait_for_completion": true,
            "workflow_info": []
          },
          "sensitive_attributes": [],
          "private": "bnVsbA==",
          "dependencies": [
            "module.kubernetes_profile.data.intersight_organization_organization.intersight_organization",
            "module.kubernetes_profile.intersight_ippool_pool.ippool",
            "module.kubernetes_profile.intersight_kubernetes_network_policy.network-policy",
            "module.kubernetes_profile.intersight_kubernetes_sys_config_policy.kubernetes-sys-config-policy",
            "module.kubernetes_profile.intersight_kubernetes_trusted_registries_policy.trusted-registries-policy"
          ]
        }
      ]
    },
    {
      "module": "module.kubernetes_profile",
      "mode": "managed",
      "type": "intersight_kubernetes_network_policy",
      "name": "network-policy",
      "provider": "provider[\"registry.terraform.io/ciscodevnet/intersight\"]",
      "instances": [
        {
          "schema_version": 0,
          "attributes": {
            "account_moid": "59a80bbbf11aa10001cf7413",
            "additional_properties": "{\"AccountMoid\":\"59a80bbbf11aa10001cf7413\",\"Ancestors\":[],\"CreateTime\":\"2021-04-22T18:32:26.536Z\",\"DomainGroupMoid\":\"5b25418b7a7662743465cf1f\",\"ModTime\":\"2021-04-22T18:32:27.572Z\",\"Moid\":\"6081c13a7a6f722d31098cc2\",\"Owners\":[\"59a80bbbf11aa10001cf7413\"],\"PermissionResources\":[{\"ClassId\":\"mo.MoRef\",\"Moid\":\"5ed92b346972652d33987e7a\",\"ObjectType\":\"organization.Organization\",\"link\":\"https://www.intersight.com/api/v1/organization/Organizations/5ed92b346972652d33987e7a\"}],\"SharedScope\":\"\",\"Tags\":[]}",
            "ancestors": [],
            "class_id": "kubernetes.NetworkPolicy",
            "cluster_profiles": [
              {
                "additional_properties": "",
                "class_id": "mo.MoRef",
                "moid": "6081c13b7a6f722d31098cea",
                "object_type": "kubernetes.ClusterProfile",
                "selector": ""
              }
            ],
            "cni_config": [],
            "cni_type": "Calico",
            "create_time": "2021-04-22 18:32:26.536 +0000 UTC",
            "description": "terraform - Kubernetes Network Policy",
            "domain_group_moid": "5b25418b7a7662743465cf1f",
            "id": "6081c13a7a6f722d31098cc2",
            "mod_time": "2021-04-22 18:32:27.572 +0000 UTC",
            "moid": "6081c13a7a6f722d31098cc2",
            "name": "test-cluster-network-policy",
            "object_type": "kubernetes.NetworkPolicy",
            "organization": [
              {
                "additional_properties": "",
                "class_id": "mo.MoRef",
                "moid": "5ed92b346972652d33987e7a",
                "object_type": "organization.Organization",
                "selector": ""
              }
            ],
            "owners": [
              "59a80bbbf11aa10001cf7413"
            ],
            "parent": [],
            "permission_resources": [
              {
                "additional_properties": "",
                "class_id": "mo.MoRef",
                "moid": "5ed92b346972652d33987e7a",
                "object_type": "organization.Organization",
                "selector": ""
              }
            ],
            "pod_network_cidr": "192.168.0.0/16",
            "service_cidr": "10.96.0.0/12",
            "shared_scope": "",
            "tags": [],
            "version_context": []
          },
          "sensitive_attributes": [],
          "private": "bnVsbA==",
          "dependencies": [
            "module.kubernetes_profile.data.intersight_organization_organization.intersight_organization"
          ]
        }
      ]
    },
    {
      "module": "module.kubernetes_profile",
      "mode": "managed",
      "type": "intersight_kubernetes_node_group_profile",
      "name": "control-node-profile",
      "provider": "provider[\"registry.terraform.io/ciscodevnet/intersight\"]",
      "instances": [
        {
          "schema_version": 0,
          "attributes": {
            "account_moid": "59a80bbbf11aa10001cf7413",
            "action": "",
            "additional_properties": "{\"AccountMoid\":\"59a80bbbf11aa10001cf7413\",\"Ancestors\":[{\"ClassId\":\"mo.MoRef\",\"Moid\":\"6081c13b7a6f722d31098cea\",\"ObjectType\":\"kubernetes.ClusterProfile\",\"link\":\"https://www.intersight.com/api/v1/kubernetes/ClusterProfiles/6081c13b7a6f722d31098cea\"}],\"CreateTime\":\"2021-04-22T18:32:30.058Z\",\"Description\":\"terraform - Kubernetes Control Plane Node Profile\",\"DomainGroupMoid\":\"5b25418b7a7662743465cf1f\",\"ModTime\":\"2021-04-22T18:32:30.524Z\",\"Moid\":\"6081c13e7a6f722d31098d14\",\"Name\":\"test-cluster-control-node-profile\",\"Owners\":[\"59a80bbbf11aa10001cf7413\"],\"Parent\":{\"ClassId\":\"mo.MoRef\",\"Moid\":\"6081c13b7a6f722d31098cea\",\"ObjectType\":\"kubernetes.ClusterProfile\",\"link\":\"https://www.intersight.com/api/v1/kubernetes/ClusterProfiles/6081c13b7a6f722d31098cea\"},\"PermissionResources\":[{\"ClassId\":\"mo.MoRef\",\"Moid\":\"5ed92b346972652d33987e7a\",\"ObjectType\":\"organization.Organization\",\"link\":\"https://www.intersight.com/api/v1/organization/Organizations/5ed92b346972652d33987e7a\"}],\"SharedScope\":\"\",\"SrcTemplate\":null,\"Tags\":[],\"Type\":\"instance\"}",
            "ancestors": [
              {
                "additional_properties": "",
                "class_id": "mo.MoRef",
                "moid": "6081c13b7a6f722d31098cea",
                "object_type": "kubernetes.ClusterProfile",
                "selector": ""
              }
            ],
            "class_id": "kubernetes.NodeGroupProfile",
            "cluster_profile": [
              {
                "additional_properties": "",
                "class_id": "mo.MoRef",
                "moid": "6081c13b7a6f722d31098cea",
                "object_type": "kubernetes.ClusterProfile",
                "selector": ""
              }
            ],
            "config_context": [
              {
                "additional_properties": "",
                "class_id": "policy.ConfigContext",
                "config_state": "",
                "control_action": "",
                "error_state": "",
                "object_type": "policy.ConfigContext",
                "oper_state": ""
              }
            ],
            "create_time": "2021-04-22 18:32:30.058 +0000 UTC",
            "currentsize": 0,
            "description": "terraform - Kubernetes Control Plane Node Profile",
            "desiredsize": 1,
            "domain_group_moid": "5b25418b7a7662743465cf1f",
            "id": "6081c13e7a6f722d31098d14",
            "infra_provider": [
              {
                "additional_properties": "",
                "class_id": "mo.MoRef",
                "moid": "6081c13e7a6f722d31098d29",
                "object_type": "kubernetes.VirtualMachineInfrastructureProvider",
                "selector": ""
              }
            ],
            "ip_pools": [
              {
                "additional_properties": "",
                "class_id": "mo.MoRef",
                "moid": "6081c13a6962752d3060db62",
                "object_type": "ippool.Pool",
                "selector": ""
              }
            ],
            "kubernetes_version": [
              {
                "additional_properties": "",
                "class_id": "mo.MoRef",
                "moid": "6081c13a7a6f722d31098cdd",
                "object_type": "kubernetes.VersionPolicy",
                "selector": ""
              }
            ],
            "labels": [],
            "maxsize": 3,
            "minsize": 0,
            "mod_time": "2021-04-22 18:32:30.524 +0000 UTC",
            "moid": "6081c13e7a6f722d31098d14",
            "name": "test-cluster-control-node-profile",
            "node_type": "ControlPlane",
            "nodes": [],
            "object_type": "kubernetes.NodeGroupProfile",
            "owners": [
              "59a80bbbf11aa10001cf7413"
            ],
            "parent": [
              {
                "additional_properties": "",
                "class_id": "mo.MoRef",
                "moid": "6081c13b7a6f722d31098cea",
                "object_type": "kubernetes.ClusterProfile",
                "selector": ""
              }
            ],
            "permission_resources": [
              {
                "additional_properties": "",
                "class_id": "mo.MoRef",
                "moid": "5ed92b346972652d33987e7a",
                "object_type": "organization.Organization",
                "selector": ""
              }
            ],
            "policy_bucket": [],
            "shared_scope": "",
            "src_template": [],
            "tags": [],
            "taints": [],
            "type": "instance",
            "version_context": []
          },
          "sensitive_attributes": [],
          "private": "bnVsbA==",
          "dependencies": [
            "module.kubernetes_profile.data.intersight_kubernetes_version.cluster-version",
            "module.kubernetes_profile.data.intersight_organization_organization.intersight_organization",
            "module.kubernetes_profile.intersight_ippool_pool.ippool",
            "module.kubernetes_profile.intersight_kubernetes_cluster_profile.kubernetes-cluster-profile",
            "module.kubernetes_profile.intersight_kubernetes_network_policy.network-policy",
            "module.kubernetes_profile.intersight_kubernetes_sys_config_policy.kubernetes-sys-config-policy",
            "module.kubernetes_profile.intersight_kubernetes_trusted_registries_policy.trusted-registries-policy",
            "module.kubernetes_profile.intersight_kubernetes_version_policy.kubernetes-version-policy"
          ]
        }
      ]
    },
    {
      "module": "module.kubernetes_profile",
      "mode": "managed",
      "type": "intersight_kubernetes_node_group_profile",
      "name": "worker-node-profile",
      "provider": "provider[\"registry.terraform.io/ciscodevnet/intersight\"]",
      "instances": [
        {
          "schema_version": 0,
          "attributes": {
            "account_moid": "59a80bbbf11aa10001cf7413",
            "action": "",
            "additional_properties": "{\"AccountMoid\":\"59a80bbbf11aa10001cf7413\",\"Ancestors\":[{\"ClassId\":\"mo.MoRef\",\"Moid\":\"6081c13b7a6f722d31098cea\",\"ObjectType\":\"kubernetes.ClusterProfile\",\"link\":\"https://www.intersight.com/api/v1/kubernetes/ClusterProfiles/6081c13b7a6f722d31098cea\"}],\"CreateTime\":\"2021-04-22T18:32:30.189Z\",\"Description\":\"terraform - Kubernetes Worker Node Profile\",\"DomainGroupMoid\":\"5b25418b7a7662743465cf1f\",\"ModTime\":\"2021-04-22T18:32:30.907Z\",\"Moid\":\"6081c13e7a6f722d31098d1c\",\"Name\":\"test-cluster-worker-node-profile\",\"Owners\":[\"59a80bbbf11aa10001cf7413\"],\"Parent\":{\"ClassId\":\"mo.MoRef\",\"Moid\":\"6081c13b7a6f722d31098cea\",\"ObjectType\":\"kubernetes.ClusterProfile\",\"link\":\"https://www.intersight.com/api/v1/kubernetes/ClusterProfiles/6081c13b7a6f722d31098cea\"},\"PermissionResources\":[{\"ClassId\":\"mo.MoRef\",\"Moid\":\"5ed92b346972652d33987e7a\",\"ObjectType\":\"organization.Organization\",\"link\":\"https://www.intersight.com/api/v1/organization/Organizations/5ed92b346972652d33987e7a\"}],\"SharedScope\":\"\",\"SrcTemplate\":null,\"Tags\":[],\"Type\":\"instance\"}",
            "ancestors": [
              {
                "additional_properties": "",
                "class_id": "mo.MoRef",
                "moid": "6081c13b7a6f722d31098cea",
                "object_type": "kubernetes.ClusterProfile",
                "selector": ""
              }
            ],
            "class_id": "kubernetes.NodeGroupProfile",
            "cluster_profile": [
              {
                "additional_properties": "",
                "class_id": "mo.MoRef",
                "moid": "6081c13b7a6f722d31098cea",
                "object_type": "kubernetes.ClusterProfile",
                "selector": ""
              }
            ],
            "config_context": [
              {
                "additional_properties": "",
                "class_id": "policy.ConfigContext",
                "config_state": "",
                "control_action": "",
                "error_state": "",
                "object_type": "policy.ConfigContext",
                "oper_state": ""
              }
            ],
            "create_time": "2021-04-22 18:32:30.189 +0000 UTC",
            "currentsize": 0,
            "description": "terraform - Kubernetes Worker Node Profile",
            "desiredsize": 3,
            "domain_group_moid": "5b25418b7a7662743465cf1f",
            "id": "6081c13e7a6f722d31098d1c",
            "infra_provider": [
              {
                "additional_properties": "",
                "class_id": "mo.MoRef",
                "moid": "6081c13e7a6f722d31098d34",
                "object_type": "kubernetes.VirtualMachineInfrastructureProvider",
                "selector": ""
              }
            ],
            "ip_pools": [
              {
                "additional_properties": "",
                "class_id": "mo.MoRef",
                "moid": "6081c13a6962752d3060db62",
                "object_type": "ippool.Pool",
                "selector": ""
              }
            ],
            "kubernetes_version": [
              {
                "additional_properties": "",
                "class_id": "mo.MoRef",
                "moid": "6081c13a7a6f722d31098cdd",
                "object_type": "kubernetes.VersionPolicy",
                "selector": ""
              }
            ],
            "labels": [],
            "maxsize": 3,
            "minsize": 0,
            "mod_time": "2021-04-22 18:32:30.907 +0000 UTC",
            "moid": "6081c13e7a6f722d31098d1c",
            "name": "test-cluster-worker-node-profile",
            "node_type": "Worker",
            "nodes": [],
            "object_type": "kubernetes.NodeGroupProfile",
            "owners": [
              "59a80bbbf11aa10001cf7413"
            ],
            "parent": [
              {
                "additional_properties": "",
                "class_id": "mo.MoRef",
                "moid": "6081c13b7a6f722d31098cea",
                "object_type": "kubernetes.ClusterProfile",
                "selector": ""
              }
            ],
            "permission_resources": [
              {
                "additional_properties": "",
                "class_id": "mo.MoRef",
                "moid": "5ed92b346972652d33987e7a",
                "object_type": "organization.Organization",
                "selector": ""
              }
            ],
            "policy_bucket": [],
            "shared_scope": "",
            "src_template": [],
            "tags": [],
            "taints": [],
            "type": "instance",
            "version_context": []
          },
          "sensitive_attributes": [],
          "private": "bnVsbA==",
          "dependencies": [
            "module.kubernetes_profile.data.intersight_kubernetes_version.cluster-version",
            "module.kubernetes_profile.data.intersight_organization_organization.intersight_organization",
            "module.kubernetes_profile.intersight_ippool_pool.ippool",
            "module.kubernetes_profile.intersight_kubernetes_cluster_profile.kubernetes-cluster-profile",
            "module.kubernetes_profile.intersight_kubernetes_network_policy.network-policy",
            "module.kubernetes_profile.intersight_kubernetes_sys_config_policy.kubernetes-sys-config-policy",
            "module.kubernetes_profile.intersight_kubernetes_trusted_registries_policy.trusted-registries-policy",
            "module.kubernetes_profile.intersight_kubernetes_version_policy.kubernetes-version-policy"
          ]
        }
      ]
    },
    {
      "module": "module.kubernetes_profile",
      "mode": "managed",
      "type": "intersight_kubernetes_sys_config_policy",
      "name": "kubernetes-sys-config-policy",
      "provider": "provider[\"registry.terraform.io/ciscodevnet/intersight\"]",
      "instances": [
        {
          "schema_version": 0,
          "attributes": {
            "account_moid": "59a80bbbf11aa10001cf7413",
            "additional_properties": "{\"AccountMoid\":\"59a80bbbf11aa10001cf7413\",\"Ancestors\":[],\"CreateTime\":\"2021-04-22T18:32:26.834Z\",\"DomainGroupMoid\":\"5b25418b7a7662743465cf1f\",\"ModTime\":\"2021-04-22T18:32:27.589Z\",\"Moid\":\"6081c13a7a6f722d31098cd7\",\"Owners\":[\"59a80bbbf11aa10001cf7413\"],\"PermissionResources\":[{\"ClassId\":\"mo.MoRef\",\"Moid\":\"5ed92b346972652d33987e7a\",\"ObjectType\":\"organization.Organization\",\"link\":\"https://www.intersight.com/api/v1/organization/Organizations/5ed92b346972652d33987e7a\"}],\"SharedScope\":\"\",\"Tags\":[]}",
            "ancestors": [],
            "class_id": "kubernetes.SysConfigPolicy",
            "cluster_profiles": [
              {
                "additional_properties": "",
                "class_id": "mo.MoRef",
                "moid": "6081c13b7a6f722d31098cea",
                "object_type": "kubernetes.ClusterProfile",
                "selector": ""
              }
            ],
            "create_time": "2021-04-22 18:32:26.834 +0000 UTC",
            "description": "terraform - Kubernetes System Configuration Policy",
            "dns_domain_name": "ceclabs.local",
            "dns_servers": [
              "8.8.8.8"
            ],
            "domain_group_moid": "5b25418b7a7662743465cf1f",
            "id": "6081c13a7a6f722d31098cd7",
            "mod_time": "2021-04-22 18:32:27.589 +0000 UTC",
            "moid": "6081c13a7a6f722d31098cd7",
            "name": "test-cluster-sys-config-policy",
            "ntp_servers": [
              "10.11.0.1"
            ],
            "object_type": "kubernetes.SysConfigPolicy",
            "organization": [
              {
                "additional_properties": "",
                "class_id": "mo.MoRef",
                "moid": "5ed92b346972652d33987e7a",
                "object_type": "organization.Organization",
                "selector": ""
              }
            ],
            "owners": [
              "59a80bbbf11aa10001cf7413"
            ],
            "parent": [],
            "permission_resources": [
              {
                "additional_properties": "",
                "class_id": "mo.MoRef",
                "moid": "5ed92b346972652d33987e7a",
                "object_type": "organization.Organization",
                "selector": ""
              }
            ],
            "shared_scope": "",
            "tags": [],
            "timezone": "Europe/Zurich",
            "version_context": []
          },
          "sensitive_attributes": [],
          "private": "bnVsbA==",
          "dependencies": [
            "module.kubernetes_profile.data.intersight_organization_organization.intersight_organization"
          ]
        }
      ]
    },
    {
      "module": "module.kubernetes_profile",
      "mode": "managed",
      "type": "intersight_kubernetes_trusted_registries_policy",
      "name": "trusted-registries-policy",
      "provider": "provider[\"registry.terraform.io/ciscodevnet/intersight\"]",
      "instances": [
        {
          "schema_version": 0,
          "attributes": {
            "account_moid": "59a80bbbf11aa10001cf7413",
            "additional_properties": "{\"AccountMoid\":\"59a80bbbf11aa10001cf7413\",\"Ancestors\":[],\"CreateTime\":\"2021-04-22T18:32:26.362Z\",\"DomainGroupMoid\":\"5b25418b7a7662743465cf1f\",\"ModTime\":\"2021-04-22T18:32:27.591Z\",\"Moid\":\"6081c13a7a6f722d31098cb2\",\"Owners\":[\"59a80bbbf11aa10001cf7413\"],\"PermissionResources\":[{\"ClassId\":\"mo.MoRef\",\"Moid\":\"5ed92b346972652d33987e7a\",\"ObjectType\":\"organization.Organization\",\"link\":\"https://www.intersight.com/api/v1/organization/Organizations/5ed92b346972652d33987e7a\"}],\"SharedScope\":\"\",\"Tags\":[]}",
            "ancestors": [],
            "class_id": "kubernetes.TrustedRegistriesPolicy",
            "cluster_profiles": [
              {
                "additional_properties": "",
                "class_id": "mo.MoRef",
                "moid": "6081c13b7a6f722d31098cea",
                "object_type": "kubernetes.ClusterProfile",
                "selector": ""
              }
            ],
            "create_time": "2021-04-22 18:32:26.362 +0000 UTC",
            "description": "terraform - Kubernetes Trusted Registries Policy",
            "domain_group_moid": "5b25418b7a7662743465cf1f",
            "id": "6081c13a7a6f722d31098cb2",
            "mod_time": "2021-04-22 18:32:27.591 +0000 UTC",
            "moid": "6081c13a7a6f722d31098cb2",
            "name": "test-cluster-trusted-registries-policy",
            "object_type": "kubernetes.TrustedRegistriesPolicy",
            "organization": [
              {
                "additional_properties": "",
                "class_id": "mo.MoRef",
                "moid": "5ed92b346972652d33987e7a",
                "object_type": "organization.Organization",
                "selector": ""
              }
            ],
            "owners": [
              "59a80bbbf11aa10001cf7413"
            ],
            "parent": [],
            "permission_resources": [
              {
                "additional_properties": "",
                "class_id": "mo.MoRef",
                "moid": "5ed92b346972652d33987e7a",
                "object_type": "organization.Organization",
                "selector": ""
              }
            ],
            "root_ca_registries": [],
            "shared_scope": "",
            "tags": [],
            "unsigned_registries": [],
            "version_context": []
          },
          "sensitive_attributes": [],
          "private": "bnVsbA==",
          "dependencies": [
            "module.kubernetes_profile.data.intersight_organization_organization.intersight_organization"
          ]
        }
      ]
    },
    {
      "module": "module.kubernetes_profile",
      "mode": "managed",
      "type": "intersight_kubernetes_version_policy",
      "name": "kubernetes-version-policy",
      "provider": "provider[\"registry.terraform.io/ciscodevnet/intersight\"]",
      "instances": [
        {
          "schema_version": 0,
          "attributes": {
            "account_moid": "59a80bbbf11aa10001cf7413",
            "additional_properties": "{\"AccountMoid\":\"59a80bbbf11aa10001cf7413\",\"Ancestors\":[],\"CreateTime\":\"2021-04-22T18:32:26.885Z\",\"DomainGroupMoid\":\"5b25418b7a7662743465cf1f\",\"ModTime\":\"2021-04-22T18:32:30.186Z\",\"Moid\":\"6081c13a7a6f722d31098cdd\",\"Owners\":[\"59a80bbbf11aa10001cf7413\"],\"PermissionResources\":[{\"ClassId\":\"mo.MoRef\",\"Moid\":\"5ed92b346972652d33987e7a\",\"ObjectType\":\"organization.Organization\",\"link\":\"https://www.intersight.com/api/v1/organization/Organizations/5ed92b346972652d33987e7a\"}],\"SharedScope\":\"\",\"Tags\":[]}",
            "ancestors": [],
            "class_id": "kubernetes.VersionPolicy",
            "create_time": "2021-04-22 18:32:26.885 +0000 UTC",
            "description": "terraform - Kubernetes Version Policy",
            "domain_group_moid": "5b25418b7a7662743465cf1f",
            "id": "6081c13a7a6f722d31098cdd",
            "mod_time": "2021-04-22 18:32:30.186 +0000 UTC",
            "moid": "6081c13a7a6f722d31098cdd",
            "name": "test-cluster-version-policy",
            "nr_version": [
              {
                "additional_properties": "",
                "class_id": "mo.MoRef",
                "moid": "60627cb27a6f722d30786563",
                "object_type": "kubernetes.Version",
                "selector": ""
              }
            ],
            "object_type": "kubernetes.VersionPolicy",
            "organization": [
              {
                "additional_properties": "",
                "class_id": "mo.MoRef",
                "moid": "5ed92b346972652d33987e7a",
                "object_type": "organization.Organization",
                "selector": ""
              }
            ],
            "owners": [
              "59a80bbbf11aa10001cf7413"
            ],
            "parent": [],
            "permission_resources": [
              {
                "additional_properties": "",
                "class_id": "mo.MoRef",
                "moid": "5ed92b346972652d33987e7a",
                "object_type": "organization.Organization",
                "selector": ""
              }
            ],
            "profiles": [
              {
                "additional_properties": "",
                "class_id": "mo.MoRef",
                "moid": "6081c13e7a6f722d31098d14",
                "object_type": "kubernetes.NodeGroupProfile",
                "selector": ""
              },
              {
                "additional_properties": "",
                "class_id": "mo.MoRef",
                "moid": "6081c13e7a6f722d31098d1c",
                "object_type": "kubernetes.NodeGroupProfile",
                "selector": ""
              }
            ],
            "shared_scope": "",
            "tags": [],
            "version_context": []
          },
          "sensitive_attributes": [],
          "private": "bnVsbA==",
          "dependencies": [
            "module.kubernetes_profile.data.intersight_kubernetes_version.cluster-version",
            "module.kubernetes_profile.data.intersight_organization_organization.intersight_organization"
          ]
        }
      ]
    },
    {
      "module": "module.kubernetes_profile",
      "mode": "managed",
      "type": "intersight_kubernetes_virtual_machine_infra_config_policy",
      "name": "vminfra-config-policy",
      "provider": "provider[\"registry.terraform.io/ciscodevnet/intersight\"]",
      "instances": [
        {
          "schema_version": 0,
          "attributes": {
            "account_moid": "59a80bbbf11aa10001cf7413",
            "additional_properties": "{\"AccountMoid\":\"59a80bbbf11aa10001cf7413\",\"Ancestors\":[],\"CreateTime\":\"2021-04-22T18:32:26.78Z\",\"DomainGroupMoid\":\"5b25418b7a7662743465cf1f\",\"ModTime\":\"2021-04-22T18:37:32.293Z\",\"Moid\":\"6081c13a7a6f722d31098cc9\",\"Owners\":[\"59a80bbbf11aa10001cf7413\"],\"PermissionResources\":[{\"ClassId\":\"mo.MoRef\",\"Moid\":\"5ed92b346972652d33987e7a\",\"ObjectType\":\"organization.Organization\",\"link\":\"https://www.intersight.com/api/v1/organization/Organizations/5ed92b346972652d33987e7a\"}],\"SharedScope\":\"\",\"Tags\":[]}",
            "ancestors": [],
            "class_id": "kubernetes.VirtualMachineInfraConfigPolicy",
            "create_time": "2021-04-22 18:32:26.78 +0000 UTC",
            "description": "terraform - Kubernetes VM Infra Config Policy",
            "domain_group_moid": "5b25418b7a7662743465cf1f",
            "id": "6081c13a7a6f722d31098cc9",
            "mod_time": "2021-04-22 18:37:32.293 +0000 UTC",
            "moid": "6081c13a7a6f722d31098cc9",
            "name": "test-cluster-vminfra-config-policy",
            "object_type": "kubernetes.VirtualMachineInfraConfigPolicy",
            "organization": [
              {
                "additional_properties": "",
                "class_id": "mo.MoRef",
                "moid": "5ed92b346972652d33987e7a",
                "object_type": "organization.Organization",
                "selector": ""
              }
            ],
            "owners": [
              "59a80bbbf11aa10001cf7413"
            ],
            "parent": [],
            "permission_resources": [
              {
                "additional_properties": "",
                "class_id": "mo.MoRef",
                "moid": "5ed92b346972652d33987e7a",
                "object_type": "organization.Organization",
                "selector": ""
              }
            ],
            "profiles": [
              {
                "additional_properties": "",
                "class_id": "mo.MoRef",
                "moid": "6081c13e7a6f722d31098d29",
                "object_type": "kubernetes.VirtualMachineInfrastructureProvider",
                "selector": ""
              },
              {
                "additional_properties": "",
                "class_id": "mo.MoRef",
                "moid": "6081c13e7a6f722d31098d34",
                "object_type": "kubernetes.VirtualMachineInfrastructureProvider",
                "selector": ""
              }
            ],
            "shared_scope": "",
            "tags": [],
            "target": [
              {
                "additional_properties": "",
                "class_id": "mo.MoRef",
                "moid": "6026cbde6f72612d337b216f",
                "object_type": "asset.DeviceRegistration",
                "selector": ""
              }
            ],
            "version_context": [],
            "vm_config": [
              {
                "additional_properties": "{\"Cluster\":\"DS01\",\"Datastore\":\"hxlab-hyperflex\",\"IsPassphraseSet\":true,\"ResourcePool\":\"\"}",
                "class_id": "kubernetes.EsxiVirtualMachineInfraConfig",
                "interfaces": [
                  "hxlab-vmnetwork-2400"
                ],
                "object_type": "kubernetes.EsxiVirtualMachineInfraConfig"
              }
            ]
          },
          "sensitive_attributes": [],
          "private": "bnVsbA==",
          "dependencies": [
            "module.kubernetes_profile.data.intersight_asset_target.infra-target",
            "module.kubernetes_profile.data.intersight_organization_organization.intersight_organization"
          ]
        }
      ]
    },
    {
      "module": "module.kubernetes_profile",
      "mode": "managed",
      "type": "intersight_kubernetes_virtual_machine_infrastructure_provider",
      "name": "vminfra-control-provider-policy",
      "provider": "provider[\"registry.terraform.io/ciscodevnet/intersight\"]",
      "instances": [
        {
          "schema_version": 0,
          "attributes": {
            "account_moid": "59a80bbbf11aa10001cf7413",
            "additional_properties": "{\"AccountMoid\":\"59a80bbbf11aa10001cf7413\",\"Ancestors\":[{\"ClassId\":\"mo.MoRef\",\"Moid\":\"6081c13e7a6f722d31098d14\",\"ObjectType\":\"kubernetes.NodeGroupProfile\",\"link\":\"https://www.intersight.com/api/v1/kubernetes/NodeGroupProfiles/6081c13e7a6f722d31098d14\"},{\"ClassId\":\"mo.MoRef\",\"Moid\":\"6081c13b7a6f722d31098cea\",\"ObjectType\":\"kubernetes.ClusterProfile\",\"link\":\"https://www.intersight.com/api/v1/kubernetes/ClusterProfiles/6081c13b7a6f722d31098cea\"}],\"CreateTime\":\"2021-04-22T18:32:30.524Z\",\"DomainGroupMoid\":\"5b25418b7a7662743465cf1f\",\"ModTime\":\"2021-04-22T18:32:30.525Z\",\"Moid\":\"6081c13e7a6f722d31098d29\",\"Owners\":[\"59a80bbbf11aa10001cf7413\"],\"Parent\":{\"ClassId\":\"mo.MoRef\",\"Moid\":\"6081c13e7a6f722d31098d14\",\"ObjectType\":\"kubernetes.NodeGroupProfile\",\"link\":\"https://www.intersight.com/api/v1/kubernetes/NodeGroupProfiles/6081c13e7a6f722d31098d14\"},\"PermissionResources\":[{\"ClassId\":\"mo.MoRef\",\"Moid\":\"5ed92b346972652d33987e7a\",\"ObjectType\":\"organization.Organization\",\"link\":\"https://www.intersight.com/api/v1/organization/Organizations/5ed92b346972652d33987e7a\"}],\"SharedScope\":\"\",\"Tags\":[]}",
            "ancestors": [
              {
                "additional_properties": "",
                "class_id": "mo.MoRef",
                "moid": "6081c13e7a6f722d31098d14",
                "object_type": "kubernetes.NodeGroupProfile",
                "selector": ""
              },
              {
                "additional_properties": "",
                "class_id": "mo.MoRef",
                "moid": "6081c13b7a6f722d31098cea",
                "object_type": "kubernetes.ClusterProfile",
                "selector": ""
              }
            ],
            "class_id": "kubernetes.VirtualMachineInfrastructureProvider",
            "create_time": "2021-04-22 18:32:30.524 +0000 UTC",
            "description": "terraform - Kubernetes VM Infra Provider Policy",
            "domain_group_moid": "5b25418b7a7662743465cf1f",
            "id": "6081c13e7a6f722d31098d29",
            "infra_config": [],
            "infra_config_policy": [
              {
                "additional_properties": "",
                "class_id": "mo.MoRef",
                "moid": "6081c13a7a6f722d31098cc9",
                "object_type": "kubernetes.VirtualMachineInfraConfigPolicy",
                "selector": ""
              }
            ],
            "instance_type": [
              {
                "additional_properties": "",
                "class_id": "mo.MoRef",
                "moid": "6081c13a7a6f722d31098cba",
                "object_type": "kubernetes.VirtualMachineInstanceType",
                "selector": ""
              }
            ],
            "mod_time": "2021-04-22 18:32:30.525 +0000 UTC",
            "moid": "6081c13e7a6f722d31098d29",
            "name": "test-cluster-vminfra-control-provider-policy",
            "node_group": [
              {
                "additional_properties": "",
                "class_id": "mo.MoRef",
                "moid": "6081c13e7a6f722d31098d14",
                "object_type": "kubernetes.NodeGroupProfile",
                "selector": ""
              }
            ],
            "object_type": "kubernetes.VirtualMachineInfrastructureProvider",
            "owners": [
              "59a80bbbf11aa10001cf7413"
            ],
            "parent": [
              {
                "additional_properties": "",
                "class_id": "mo.MoRef",
                "moid": "6081c13e7a6f722d31098d14",
                "object_type": "kubernetes.NodeGroupProfile",
                "selector": ""
              }
            ],
            "permission_resources": [
              {
                "additional_properties": "",
                "class_id": "mo.MoRef",
                "moid": "5ed92b346972652d33987e7a",
                "object_type": "organization.Organization",
                "selector": ""
              }
            ],
            "shared_scope": "",
            "tags": [],
            "target": [],
            "version_context": []
          },
          "sensitive_attributes": [],
          "private": "bnVsbA==",
          "dependencies": [
            "module.kubernetes_profile.data.intersight_asset_target.infra-target",
            "module.kubernetes_profile.data.intersight_kubernetes_version.cluster-version",
            "module.kubernetes_profile.data.intersight_organization_organization.intersight_organization",
            "module.kubernetes_profile.intersight_ippool_pool.ippool",
            "module.kubernetes_profile.intersight_kubernetes_cluster_profile.kubernetes-cluster-profile",
            "module.kubernetes_profile.intersight_kubernetes_network_policy.network-policy",
            "module.kubernetes_profile.intersight_kubernetes_node_group_profile.control-node-profile",
            "module.kubernetes_profile.intersight_kubernetes_sys_config_policy.kubernetes-sys-config-policy",
            "module.kubernetes_profile.intersight_kubernetes_trusted_registries_policy.trusted-registries-policy",
            "module.kubernetes_profile.intersight_kubernetes_version_policy.kubernetes-version-policy",
            "module.kubernetes_profile.intersight_kubernetes_virtual_machine_infra_config_policy.vminfra-config-policy",
            "module.kubernetes_profile.intersight_kubernetes_virtual_machine_instance_type.vminstance-type-policy"
          ]
        }
      ]
    },
    {
      "module": "module.kubernetes_profile",
      "mode": "managed",
      "type": "intersight_kubernetes_virtual_machine_infrastructure_provider",
      "name": "vminfra-worker-provider-policy",
      "provider": "provider[\"registry.terraform.io/ciscodevnet/intersight\"]",
      "instances": [
        {
          "schema_version": 0,
          "attributes": {
            "account_moid": "59a80bbbf11aa10001cf7413",
            "additional_properties": "{\"AccountMoid\":\"59a80bbbf11aa10001cf7413\",\"Ancestors\":[{\"ClassId\":\"mo.MoRef\",\"Moid\":\"6081c13e7a6f722d31098d1c\",\"ObjectType\":\"kubernetes.NodeGroupProfile\",\"link\":\"https://www.intersight.com/api/v1/kubernetes/NodeGroupProfiles/6081c13e7a6f722d31098d1c\"},{\"ClassId\":\"mo.MoRef\",\"Moid\":\"6081c13b7a6f722d31098cea\",\"ObjectType\":\"kubernetes.ClusterProfile\",\"link\":\"https://www.intersight.com/api/v1/kubernetes/ClusterProfiles/6081c13b7a6f722d31098cea\"}],\"CreateTime\":\"2021-04-22T18:32:30.907Z\",\"DomainGroupMoid\":\"5b25418b7a7662743465cf1f\",\"ModTime\":\"2021-04-22T18:32:30.908Z\",\"Moid\":\"6081c13e7a6f722d31098d34\",\"Owners\":[\"59a80bbbf11aa10001cf7413\"],\"Parent\":{\"ClassId\":\"mo.MoRef\",\"Moid\":\"6081c13e7a6f722d31098d1c\",\"ObjectType\":\"kubernetes.NodeGroupProfile\",\"link\":\"https://www.intersight.com/api/v1/kubernetes/NodeGroupProfiles/6081c13e7a6f722d31098d1c\"},\"PermissionResources\":[{\"ClassId\":\"mo.MoRef\",\"Moid\":\"5ed92b346972652d33987e7a\",\"ObjectType\":\"organization.Organization\",\"link\":\"https://www.intersight.com/api/v1/organization/Organizations/5ed92b346972652d33987e7a\"}],\"SharedScope\":\"\",\"Tags\":[]}",
            "ancestors": [
              {
                "additional_properties": "",
                "class_id": "mo.MoRef",
                "moid": "6081c13e7a6f722d31098d1c",
                "object_type": "kubernetes.NodeGroupProfile",
                "selector": ""
              },
              {
                "additional_properties": "",
                "class_id": "mo.MoRef",
                "moid": "6081c13b7a6f722d31098cea",
                "object_type": "kubernetes.ClusterProfile",
                "selector": ""
              }
            ],
            "class_id": "kubernetes.VirtualMachineInfrastructureProvider",
            "create_time": "2021-04-22 18:32:30.907 +0000 UTC",
            "description": "terraform - Kubernetes VM Infra Provider Policy",
            "domain_group_moid": "5b25418b7a7662743465cf1f",
            "id": "6081c13e7a6f722d31098d34",
            "infra_config": [],
            "infra_config_policy": [
              {
                "additional_properties": "",
                "class_id": "mo.MoRef",
                "moid": "6081c13a7a6f722d31098cc9",
                "object_type": "kubernetes.VirtualMachineInfraConfigPolicy",
                "selector": ""
              }
            ],
            "instance_type": [
              {
                "additional_properties": "",
                "class_id": "mo.MoRef",
                "moid": "6081c13a7a6f722d31098cba",
                "object_type": "kubernetes.VirtualMachineInstanceType",
                "selector": ""
              }
            ],
            "mod_time": "2021-04-22 18:32:30.908 +0000 UTC",
            "moid": "6081c13e7a6f722d31098d34",
            "name": "test-cluster-vminfra-worker-provider-policy",
            "node_group": [
              {
                "additional_properties": "",
                "class_id": "mo.MoRef",
                "moid": "6081c13e7a6f722d31098d1c",
                "object_type": "kubernetes.NodeGroupProfile",
                "selector": ""
              }
            ],
            "object_type": "kubernetes.VirtualMachineInfrastructureProvider",
            "owners": [
              "59a80bbbf11aa10001cf7413"
            ],
            "parent": [
              {
                "additional_properties": "",
                "class_id": "mo.MoRef",
                "moid": "6081c13e7a6f722d31098d1c",
                "object_type": "kubernetes.NodeGroupProfile",
                "selector": ""
              }
            ],
            "permission_resources": [
              {
                "additional_properties": "",
                "class_id": "mo.MoRef",
                "moid": "5ed92b346972652d33987e7a",
                "object_type": "organization.Organization",
                "selector": ""
              }
            ],
            "shared_scope": "",
            "tags": [],
            "target": [],
            "version_context": []
          },
          "sensitive_attributes": [],
          "private": "bnVsbA==",
          "dependencies": [
            "module.kubernetes_profile.data.intersight_asset_target.infra-target",
            "module.kubernetes_profile.data.intersight_kubernetes_version.cluster-version",
            "module.kubernetes_profile.data.intersight_organization_organization.intersight_organization",
            "module.kubernetes_profile.intersight_ippool_pool.ippool",
            "module.kubernetes_profile.intersight_kubernetes_cluster_profile.kubernetes-cluster-profile",
            "module.kubernetes_profile.intersight_kubernetes_network_policy.network-policy",
            "module.kubernetes_profile.intersight_kubernetes_node_group_profile.worker-node-profile",
            "module.kubernetes_profile.intersight_kubernetes_sys_config_policy.kubernetes-sys-config-policy",
            "module.kubernetes_profile.intersight_kubernetes_trusted_registries_policy.trusted-registries-policy",
            "module.kubernetes_profile.intersight_kubernetes_version_policy.kubernetes-version-policy",
            "module.kubernetes_profile.intersight_kubernetes_virtual_machine_infra_config_policy.vminfra-config-policy",
            "module.kubernetes_profile.intersight_kubernetes_virtual_machine_instance_type.vminstance-type-policy"
          ]
        }
      ]
    },
    {
      "module": "module.kubernetes_profile",
      "mode": "managed",
      "type": "intersight_kubernetes_virtual_machine_instance_type",
      "name": "vminstance-type-policy",
      "provider": "provider[\"registry.terraform.io/ciscodevnet/intersight\"]",
      "instances": [
        {
          "schema_version": 0,
          "attributes": {
            "account_moid": "59a80bbbf11aa10001cf7413",
            "additional_properties": "{\"AccountMoid\":\"59a80bbbf11aa10001cf7413\",\"Ancestors\":[],\"CreateTime\":\"2021-04-22T18:32:26.416Z\",\"DomainGroupMoid\":\"5b25418b7a7662743465cf1f\",\"ModTime\":\"2021-04-22T18:32:30.905Z\",\"Moid\":\"6081c13a7a6f722d31098cba\",\"Owners\":[\"59a80bbbf11aa10001cf7413\"],\"PermissionResources\":[{\"ClassId\":\"mo.MoRef\",\"Moid\":\"5ed92b346972652d33987e7a\",\"ObjectType\":\"organization.Organization\",\"link\":\"https://www.intersight.com/api/v1/organization/Organizations/5ed92b346972652d33987e7a\"}],\"SharedScope\":\"\",\"Tags\":[]}",
            "ancestors": [],
            "class_id": "kubernetes.VirtualMachineInstanceType",
            "cpu": 4,
            "create_time": "2021-04-22 18:32:26.416 +0000 UTC",
            "description": "terraform - Kubernetes VM Instance Type Policy",
            "disk_size": 40,
            "domain_group_moid": "5b25418b7a7662743465cf1f",
            "id": "6081c13a7a6f722d31098cba",
            "memory": 16384,
            "mod_time": "2021-04-22 18:32:30.905 +0000 UTC",
            "moid": "6081c13a7a6f722d31098cba",
            "name": "test-cluster-vminstance-type-policy",
            "object_type": "kubernetes.VirtualMachineInstanceType",
            "organization": [
              {
                "additional_properties": "",
                "class_id": "mo.MoRef",
                "moid": "5ed92b346972652d33987e7a",
                "object_type": "organization.Organization",
                "selector": ""
              }
            ],
            "owners": [
              "59a80bbbf11aa10001cf7413"
            ],
            "parent": [],
            "permission_resources": [
              {
                "additional_properties": "",
                "class_id": "mo.MoRef",
                "moid": "5ed92b346972652d33987e7a",
                "object_type": "organization.Organization",
                "selector": ""
              }
            ],
            "profiles": [
              {
                "additional_properties": "",
                "class_id": "mo.MoRef",
                "moid": "6081c13e7a6f722d31098d29",
                "object_type": "kubernetes.VirtualMachineInfrastructureProvider",
                "selector": ""
              },
              {
                "additional_properties": "",
                "class_id": "mo.MoRef",
                "moid": "6081c13e7a6f722d31098d34",
                "object_type": "kubernetes.VirtualMachineInfrastructureProvider",
                "selector": ""
              }
            ],
            "shared_scope": "",
            "tags": [],
            "version_context": []
          },
          "sensitive_attributes": [],
          "private": "bnVsbA==",
          "dependencies": [
            "module.kubernetes_profile.data.intersight_organization_organization.intersight_organization"
          ]
        }
      ]
    }
  ]
}
